hash: 47c5c4e7060edaf2a7234c8349ca71868c4010784e1f54bfc2beafbcee182b2b
updated: 2016-09-21T12:01:10.669927413+02:00
imports:
- name: github.com/alecthomas/gometalinter
  version: fcf716dd0d97f9a141b825df4d12579e4e619327
- name: github.com/deckarep/golang-set
  version: 52ba7f28f319e9d560acbf47c7fcf9b9ee7aa7d3
- name: github.com/go-yaml/yaml
  version: e4d366fc3c7938e2958e662b4258c7a89e1f0e3e
- name: gopkg.in/tylerb/graceful.v1
  version: 50a48b6e73fcc75b45e22c05b79629a67c79e938
testImports:
- name: github.com/davecgh/go-spew
  version: 6d212800a42e8ab5c146b8ace3490ee17e5225f9
  subpackages:
  - spew
- name: github.com/pmezard/go-difflib
  version: 792786c7400a136282c1664665ae0a8db921c6c2
  subpackages:
  - difflib
- name: github.com/stretchr/testify
  version: f390dcf405f7b83c997eac1b06768bb9f44dec18
  subpackages:
  - assert
