hash: be0af2039d6429fe286fc54ea3defd8f985f5ad9adb05eb79cc157a381a02ba6
updated: 2017-11-30T16:05:26.04593791+01:00
imports:
- name: github.com/alecthomas/kingpin
  version: fde80b58ec35ea587c031c202880b1655a51ee53
- name: github.com/alecthomas/template
  version: a0175ee3bccc567396460bf5acd36800cb10c49c
  subpackages:
  - parse
- name: github.com/alecthomas/units
  version: 2efee857e7cfd4f3d0138cc3cbb1b4966962b93a
- name: github.com/cyberdelia/go-metrics-graphite
  version: 39f87cc3b432bbb898d7c643c0e93cac2bc865ad
- name: github.com/deckarep/golang-set
  version: 1d4478f51bed434f1dadf96dcd9b43aabac66795
- name: github.com/docker/go-units
  version: 0dadbb0345b35ec7ef35e228dabb8de89a65bf52
- name: github.com/go-ini/ini
  version: 32e4c1e6bc4e7d0d8451aa6b75200d19e37a536a
- name: github.com/go-validator/validator
  version: 4379dff89709877fa1b057d23b11bfe0c361dfd3
- name: github.com/lib/pq
  version: 83612a56d3dd153a94a629cd64925371c9adad78
  subpackages:
  - oid
- name: github.com/minio/go-homedir
  version: 21304a94172ae3a09dee2cd86a12fb6f842138c7
- name: github.com/mjarco/minio-go
  version: 1767a2b80555efa4831e87f3bc7a0610f23e43ca
- name: github.com/rcrowley/go-metrics
  version: e181e095bae94582363434144c61a9653aff6e50
  subpackages:
  - exp
- name: github.com/serialx/hashring
  version: 6a9381c5a83e926b9f1fd907395a581e69747e96
- name: github.com/ShowMax/go-fqdn
  version: 2501cdd51ef4c60dd727c58b2199e1a09466b10f
- name: github.com/sirupsen/logrus
  version: 95cd2b9c79aa5e72ab0bc69b7ccc2be15bf850f6
- name: golang.org/x/crypto
  version: 48a5a650cfc529a2517eb6a4d6d6749872520525
  subpackages:
  - ssh/terminal
- name: golang.org/x/sync
  version: fd80eb99c8f653c847d294a001bdf2a3a6f768f5
  subpackages:
  - syncmap
- name: golang.org/x/sys
  version: b76f9891dc1d975623261def70f9b89661f5baab
  subpackages:
  - unix
  - windows
- name: gopkg.in/gemnasium/logrus-postgresql-hook.v1
  version: 13514cd35e4c57f0e4c25555698baf9c12f5d067
- name: gopkg.in/tylerb/graceful.v1
  version: 4654dfbb6ad53cb5e27f37d99b02e16c1872fbbb
- name: gopkg.in/yaml.v2
  version: 287cf08546ab5e7e37d55a84f7ed3fd1db036de5
testImports:
- name: github.com/DATA-DOG/go-sqlmock
  version: a7b3087be733089e8ddef5f52258699c92a14a5c
- name: github.com/davecgh/go-spew
  version: 04cdfd42973bb9c8589fd6a731800cf222fde1a9
  subpackages:
  - spew
- name: github.com/pmezard/go-difflib
  version: d8ed2627bdf02c080bf22230dbb337003b7aba2d
  subpackages:
  - difflib
- name: github.com/stretchr/objx
  version: cbeaeb16a013161a98496fad62933b1d21786672
- name: github.com/stretchr/testify
  version: 2aa2c176b9dab406a6970f6a55f513e8a8c8b18f
  subpackages:
  - assert
  - mock
  - require
  - suite
