hash: 2c6349f8d0fb361c0bb348b667391355b84eaa477e82e25c3073c1cca6779c94
updated: 2017-12-22T12:55:28.861701937+01:00
imports:
- name: github.com/alecthomas/kingpin
  version: 947dcec5ba9c011838740e680966fd7087a71d0d
- name: github.com/alecthomas/template
  version: a0175ee3bccc567396460bf5acd36800cb10c49c
  subpackages:
  - parse
- name: github.com/alecthomas/units
  version: 2efee857e7cfd4f3d0138cc3cbb1b4966962b93a
- name: github.com/bnogas/minio-go
  version: d006c954a435e51f2050b1a091a03b7084aa1f9c
  subpackages:
  - pkg/s3signer
  - s3signer
- name: github.com/cyberdelia/go-metrics-graphite
  version: 39f87cc3b432bbb898d7c643c0e93cac2bc865ad
- name: github.com/deckarep/golang-set
  version: 1d4478f51bed434f1dadf96dcd9b43aabac66795
- name: github.com/docker/go-units
  version: 0dadbb0345b35ec7ef35e228dabb8de89a65bf52
- name: github.com/lib/pq
  version: 83612a56d3dd153a94a629cd64925371c9adad78
  subpackages:
  - oid
- name: github.com/minio/minio-go
  version: 0306684c438ecbb3aab0532016f25d8aad07dd75
  subpackages:
  - pkg/s3utils
- name: github.com/rcrowley/go-metrics
  version: e181e095bae94582363434144c61a9653aff6e50
  subpackages:
  - exp
- name: github.com/serialx/hashring
  version: 6a9381c5a83e926b9f1fd907395a581e69747e96
- name: github.com/ShowMax/go-fqdn
  version: 2501cdd51ef4c60dd727c58b2199e1a09466b10f
- name: github.com/sirupsen/logrus
  version: d682213848ed68c0a260ca37d6dd5ace8423f5ba
- name: golang.org/x/crypto
  version: 94eea52f7b742c7cbe0b03b22f0c4c8631ece122
  subpackages:
  - ssh/terminal
- name: golang.org/x/sync
  version: fd80eb99c8f653c847d294a001bdf2a3a6f768f5
  subpackages:
  - syncmap
- name: golang.org/x/sys
  version: 8b4580aae2a0dd0c231a45d3ccb8434ff533b840
  subpackages:
  - unix
  - windows
- name: gopkg.in/gemnasium/logrus-postgresql-hook.v1
  version: 13514cd35e4c57f0e4c25555698baf9c12f5d067
- name: gopkg.in/tylerb/graceful.v1
  version: 4654dfbb6ad53cb5e27f37d99b02e16c1872fbbb
- name: gopkg.in/validator.v1
  version: 4379dff89709877fa1b057d23b11bfe0c361dfd3
- name: gopkg.in/yaml.v2
  version: 287cf08546ab5e7e37d55a84f7ed3fd1db036de5
testImports:
- name: github.com/DATA-DOG/go-sqlmock
  version: d76b18b42f285b792bf985118980ce9eacea9d10
- name: github.com/davecgh/go-spew
  version: 04cdfd42973bb9c8589fd6a731800cf222fde1a9
  subpackages:
  - spew
- name: github.com/pmezard/go-difflib
  version: d8ed2627bdf02c080bf22230dbb337003b7aba2d
  subpackages:
  - difflib
- name: github.com/stretchr/objx
  version: cbeaeb16a013161a98496fad62933b1d21786672
- name: github.com/stretchr/testify
  version: 2aa2c176b9dab406a6970f6a55f513e8a8c8b18f
  subpackages:
  - assert
  - mock
  - require
  - suite
- name: github.com/hashicorp/consul
  version: 44b2b1726b8de96e50eb5d49cd8491577f652d03
- name: github.com/allegro/mesos-executor
  version: 93a26d21312e15b14035462d3b9008c985317908
